
Microsoft Visual Studio Solution File, Format Version 12.00
# Visual Studio 15
VisualStudioVersion = 15.0.28010.2050
MinimumVisualStudioVersion = 10.0.40219.1
Project("{2150E333-8FDC-42A3-9474-1A3956D46DE8}") = "Item01-Task Parallel com Parallel.For,PLINQ,Tasks", "Item01-Task Parallel com Parallel.For,PLINQ,Tasks", "{9035D5AF-FFB2-41BC-83DE-D6B868B939AF}"
EndProject
Project("{2150E333-8FDC-42A3-9474-1A3956D46DE8}") = "Item02-Gerar threads usando ThreadPool", "Item02-Gerar threads usando ThreadPool", "{770E5841-1C9C-48A8-96BB-ABFA7D64A1FE}"
EndProject
Project("{2150E333-8FDC-42A3-9474-1A3956D46DE8}") = "Item03-Desbloquear a IU", "Item03-Desbloquear a IU", "{7EC001CD-D63F-42AC-B6FC-C92C15CC3C03}"
EndProject
Project("{2150E333-8FDC-42A3-9474-1A3956D46DE8}") = "Item04-Usar palavras-chave async e await", "Item04-Usar palavras-chave async e await", "{01C892E6-6B3A-4592-B8A9-41F910857CB1}"
EndProject
Project("{2150E333-8FDC-42A3-9474-1A3956D46DE8}") = "Item05-Gerenciar dados usando coleções simultâneas", "Item05-Gerenciar dados usando coleções simultâneas", "{8E61318F-0C64-4955-BA3D-96AC116C601D}"
EndProject
Project("{2150E333-8FDC-42A3-9474-1A3956D46DE8}") = "Item06-Implementar bloqueio", "Item06-Implementar bloqueio", "{C71405D6-90B5-4F01-ACED-A12848FFF0DA}"
EndProject
Project("{2150E333-8FDC-42A3-9474-1A3956D46DE8}") = "Item07-Cancelar uma tarefa de execução longa", "Item07-Cancelar uma tarefa de execução longa", "{8FCD2554-7441-48B0-92B1-0CCAAEA3B4A2}"
EndProject
Project("{2150E333-8FDC-42A3-9474-1A3956D46DE8}") = "Item08-Implementar métodos thread-safe", "Item08-Implementar métodos thread-safe", "{7B68ACFB-0A03-4FD7-8929-64DF593DD3B2}"
EndProject
Project("{9A19103F-16F7-4668-BE54-9A1E7A4F7556}") = "Program02", "depois\Program02\Program02.csproj", "{C7823F84-446D-422C-81C8-760807BE0026}"
EndProject
Project("{9A19103F-16F7-4668-BE54-9A1E7A4F7556}") = "Program04", "depois\Program04\Program04.csproj", "{314606FB-4068-4B5E-B1AF-858202E9B93E}"
EndProject
Project("{9A19103F-16F7-4668-BE54-9A1E7A4F7556}") = "Program01.01", "depois\Program01.01\Program01.01.csproj", "{B985B241-29AB-4351-BCC4-B74CC2D3F6F8}"
EndProject
Project("{9A19103F-16F7-4668-BE54-9A1E7A4F7556}") = "Program01.02", "depois\Program01.02\Program01.02.csproj", "{554DDA24-7A84-4933-8C77-257BB8B22384}"
EndProject
Project("{FAE04EC0-301F-11D3-BF4B-00C04F79EFBC}") = "Program01.03", "depois\Program01.03\Program01.03.csproj", "{FB31BE26-172D-4F9B-A2FD-B2CB4EAD62E8}"
EndProject
Project("{FAE04EC0-301F-11D3-BF4B-00C04F79EFBC}") = "Program01.04", "depois\Program01.04\Program01.04.csproj", "{1C396D7A-6A1B-4982-BB69-96EEAED01CCD}"
EndProject
Project("{2150E333-8FDC-42A3-9474-1A3956D46DE8}") = "Dados", "Dados", "{595BAF2D-3108-4A12-910B-8221E5D13603}"
	ProjectSection(SolutionItems) = preProject
		depois\Dados\filmes.json = depois\Dados\filmes.json
	EndProjectSection
EndProject
Project("{FAE04EC0-301F-11D3-BF4B-00C04F79EFBC}") = "Program01.05", "depois\Program01.05\Program01.05.csproj", "{C1621144-11C3-4E51-9AE3-31133CC821F5}"
EndProject
Project("{FAE04EC0-301F-11D3-BF4B-00C04F79EFBC}") = "Program01.06", "depois\Program01.06\Program01.06.csproj", "{D90A05F2-200A-46F4-B744-25B324CA26B3}"
EndProject
Project("{FAE04EC0-301F-11D3-BF4B-00C04F79EFBC}") = "Program01.07", "depois\Program01.07\Program01.07.csproj", "{E6653779-F0A8-4715-930F-D2EF9437ADBD}"
EndProject
Project("{FAE04EC0-301F-11D3-BF4B-00C04F79EFBC}") = "Program01.08", "depois\Program01.08\Program01.08.csproj", "{37FD2CC0-A5AA-402E-A15D-45CCE8DAB0B3}"
EndProject
Project("{FAE04EC0-301F-11D3-BF4B-00C04F79EFBC}") = "Program03.01", "depois\Program03.01\Program03.01.csproj", "{F19A2265-7883-4CF9-A721-708800BECC45}"
EndProject
Project("{9A19103F-16F7-4668-BE54-9A1E7A4F7556}") = "Program07.02", "depois\Program07.02\Program07.02.csproj", "{F1496C45-9CE3-4163-B117-E39D0625EAD3}"
EndProject
Project("{9A19103F-16F7-4668-BE54-9A1E7A4F7556}") = "Program07.01", "depois\Program07.01\Program07.01.csproj", "{69CDB429-7B06-4636-9885-31D1EC23D907}"
EndProject
Project("{9A19103F-16F7-4668-BE54-9A1E7A4F7556}") = "Program06", "depois\Program06\Program06.csproj", "{1528C2EB-76F3-4220-A4AA-888AED0CE033}"
EndProject
Project("{9A19103F-16F7-4668-BE54-9A1E7A4F7556}") = "Program05.01", "depois\Program05.01\Program05.01.csproj", "{E2C5E7EA-6453-4DAD-86AC-2BE78D025D08}"
EndProject
Project("{9A19103F-16F7-4668-BE54-9A1E7A4F7556}") = "Program05.02", "depois\Program05.02\Program05.02.csproj", "{E047CF21-1BEC-45D6-919E-8013EE0EA97F}"
EndProject
Project("{9A19103F-16F7-4668-BE54-9A1E7A4F7556}") = "Program05.03", "depois\Program05.03\Program05.03.csproj", "{B325FAE3-F4FD-4852-8FF3-0F6D8F788E11}"
EndProject
Project("{9A19103F-16F7-4668-BE54-9A1E7A4F7556}") = "Program08", "depois\Program08\Program08.csproj", "{04FC5964-5AAE-47DB-B93B-FA1FEC9F92A8}"
EndProject
Project("{2150E333-8FDC-42A3-9474-1A3956D46DE8}") = "antes - código do aluno", "antes - código do aluno", "{829F4622-DE37-44D5-81B6-7BF209C84A0F}"
EndProject
Project("{2150E333-8FDC-42A3-9474-1A3956D46DE8}") = "depois - código do instrutor", "depois - código do instrutor", "{B04FF8DE-1F58-4540-BD8F-91AAAF145399}"
EndProject
Project("{2150E333-8FDC-42A3-9474-1A3956D46DE8}") = "Item01-Task Parallel com Parallel.For,PLINQ,Tasks", "Item01-Task Parallel com Parallel.For,PLINQ,Tasks", "{7D48446C-CB7A-43FA-9C69-DF24DCD31339}"
EndProject
Project("{2150E333-8FDC-42A3-9474-1A3956D46DE8}") = "Item02-Gerar threads usando ThreadPool", "Item02-Gerar threads usando ThreadPool", "{7374EC50-CDDB-4E43-B66D-B7896357D8A0}"
EndProject
Project("{2150E333-8FDC-42A3-9474-1A3956D46DE8}") = "Item03-Desbloquear a IU", "Item03-Desbloquear a IU", "{1F35F0E9-2EEB-4B0A-AC2D-6C0F27A7AD80}"
EndProject
Project("{2150E333-8FDC-42A3-9474-1A3956D46DE8}") = "Item04-Usar palavras-chave async e await", "Item04-Usar palavras-chave async e await", "{4642823E-887B-448D-B1C9-8D53743A516A}"
EndProject
Project("{2150E333-8FDC-42A3-9474-1A3956D46DE8}") = "Item05-Gerenciar dados usando coleções simultâneas", "Item05-Gerenciar dados usando coleções simultâneas", "{BDBA7D0C-3D80-44B2-85D0-53458A118A3A}"
EndProject
Project("{2150E333-8FDC-42A3-9474-1A3956D46DE8}") = "Item06-Implementar bloqueio", "Item06-Implementar bloqueio", "{9D058DD3-177B-494B-BAEF-B1428507FC7A}"
EndProject
Project("{2150E333-8FDC-42A3-9474-1A3956D46DE8}") = "Item07-Cancelar uma tarefa de execução longa", "Item07-Cancelar uma tarefa de execução longa", "{D8FD2A8F-8CBC-4C0E-8ADB-9DBE37567AE3}"
EndProject
Project("{2150E333-8FDC-42A3-9474-1A3956D46DE8}") = "Item08-Implementar métodos thread-safe", "Item08-Implementar métodos thread-safe", "{DEC0B18E-D83B-4230-A376-B60FE9084B11}"
EndProject
Project("{9A19103F-16F7-4668-BE54-9A1E7A4F7556}") = "Program01.01", "antes\Program01.01\Program01.01.csproj", "{E4819527-2FF5-4CD0-A3FF-5BE4469114FE}"
EndProject
Project("{2150E333-8FDC-42A3-9474-1A3956D46DE8}") = "Dados", "Dados", "{505C7419-572B-4732-9DDB-44D89A428626}"
	ProjectSection(SolutionItems) = preProject
		antes\Dados\filmes.json = antes\Dados\filmes.json
	EndProjectSection
EndProject
Project("{9A19103F-16F7-4668-BE54-9A1E7A4F7556}") = "Program01.02", "antes\Program01.02\Program01.02.csproj", "{1E33293B-E1C8-49EC-BE01-68A5C8F2AB9E}"
EndProject
Project("{FAE04EC0-301F-11D3-BF4B-00C04F79EFBC}") = "Program01.03", "antes\Program01.03\Program01.03.csproj", "{60E847A3-F654-45D7-A94E-E32493DCD08D}"
EndProject
Project("{FAE04EC0-301F-11D3-BF4B-00C04F79EFBC}") = "Program01.04", "antes\Program01.04\Program01.04.csproj", "{10C7A355-3F96-4CD2-8085-A769F228E2E3}"
EndProject
Project("{FAE04EC0-301F-11D3-BF4B-00C04F79EFBC}") = "Program01.05", "antes\Program01.05\Program01.05.csproj", "{7923F298-9319-4E04-8BC5-FEEDCC6F77C0}"
EndProject
Project("{FAE04EC0-301F-11D3-BF4B-00C04F79EFBC}") = "Program01.06", "antes\Program01.06\Program01.06.csproj", "{CED1482A-EED1-4AB9-992A-8388C4086839}"
EndProject
Project("{FAE04EC0-301F-11D3-BF4B-00C04F79EFBC}") = "Program01.07", "antes\Program01.07\Program01.07.csproj", "{E9C28C7A-A788-4A73-B5F4-09CE8FED211B}"
EndProject
Project("{FAE04EC0-301F-11D3-BF4B-00C04F79EFBC}") = "Program01.08", "antes\Program01.08\Program01.08.csproj", "{213597E7-1EAA-4785-8EA9-2FA556FCBE2B}"
EndProject
Project("{9A19103F-16F7-4668-BE54-9A1E7A4F7556}") = "Program02", "antes\Program02\Program02.csproj", "{B6541755-04EE-45C0-A2E4-0777B3EA595D}"
EndProject
Project("{FAE04EC0-301F-11D3-BF4B-00C04F79EFBC}") = "Program03.01", "antes\Program03.01\Program03.01.csproj", "{486805CC-F44E-4AF2-8CB9-A00A79223DC0}"
EndProject
Project("{9A19103F-16F7-4668-BE54-9A1E7A4F7556}") = "Program04", "antes\Program04\Program04.csproj", "{66CCEDCB-D3E8-4BD4-A3A3-42F649338135}"
EndProject
Project("{9A19103F-16F7-4668-BE54-9A1E7A4F7556}") = "Program05.01", "antes\Program05.01\Program05.01.csproj", "{55941AD2-66D8-47D7-ACEA-C2267A708C98}"
EndProject
Project("{9A19103F-16F7-4668-BE54-9A1E7A4F7556}") = "Program05.02", "antes\Program05.02\Program05.02.csproj", "{C9E80685-9BBE-4175-BE3E-4BEC73A0F4F3}"
EndProject
Project("{9A19103F-16F7-4668-BE54-9A1E7A4F7556}") = "Program05.03", "antes\Program05.03\Program05.03.csproj", "{BC781614-C868-4FF9-8320-03DD92E7DA83}"
EndProject
Project("{9A19103F-16F7-4668-BE54-9A1E7A4F7556}") = "Program06", "antes\Program06\Program06.csproj", "{93947621-6388-4AB2-A887-3BF8746105DF}"
EndProject
Project("{9A19103F-16F7-4668-BE54-9A1E7A4F7556}") = "Program07.01", "antes\Program07.01\Program07.01.csproj", "{42F37C1D-7434-44BC-9FA6-62204267202B}"
EndProject
Project("{9A19103F-16F7-4668-BE54-9A1E7A4F7556}") = "Program07.02", "antes\Program07.02\Program07.02.csproj", "{DE3AF0CA-6427-46DE-BBBF-07EB0DB0FF0A}"
EndProject
Project("{9A19103F-16F7-4668-BE54-9A1E7A4F7556}") = "Program08", "antes\Program08\Program08.csproj", "{11037E0C-EFC1-4523-880B-E307D0D2D703}"
EndProject
Global
	GlobalSection(SolutionConfigurationPlatforms) = preSolution
		Debug|Any CPU = Debug|Any CPU
		Release|Any CPU = Release|Any CPU
	EndGlobalSection
	GlobalSection(ProjectConfigurationPlatforms) = postSolution
		{C7823F84-446D-422C-81C8-760807BE0026}.Debug|Any CPU.ActiveCfg = Debug|Any CPU
		{C7823F84-446D-422C-81C8-760807BE0026}.Debug|Any CPU.Build.0 = Debug|Any CPU
		{C7823F84-446D-422C-81C8-760807BE0026}.Release|Any CPU.ActiveCfg = Release|Any CPU
		{C7823F84-446D-422C-81C8-760807BE0026}.Release|Any CPU.Build.0 = Release|Any CPU
		{314606FB-4068-4B5E-B1AF-858202E9B93E}.Debug|Any CPU.ActiveCfg = Debug|Any CPU
		{314606FB-4068-4B5E-B1AF-858202E9B93E}.Debug|Any CPU.Build.0 = Debug|Any CPU
		{314606FB-4068-4B5E-B1AF-858202E9B93E}.Release|Any CPU.ActiveCfg = Release|Any CPU
		{314606FB-4068-4B5E-B1AF-858202E9B93E}.Release|Any CPU.Build.0 = Release|Any CPU
		{B985B241-29AB-4351-BCC4-B74CC2D3F6F8}.Debug|Any CPU.ActiveCfg = Debug|Any CPU
		{B985B241-29AB-4351-BCC4-B74CC2D3F6F8}.Debug|Any CPU.Build.0 = Debug|Any CPU
		{B985B241-29AB-4351-BCC4-B74CC2D3F6F8}.Release|Any CPU.ActiveCfg = Release|Any CPU
		{B985B241-29AB-4351-BCC4-B74CC2D3F6F8}.Release|Any CPU.Build.0 = Release|Any CPU
		{554DDA24-7A84-4933-8C77-257BB8B22384}.Debug|Any CPU.ActiveCfg = Debug|Any CPU
		{554DDA24-7A84-4933-8C77-257BB8B22384}.Debug|Any CPU.Build.0 = Debug|Any CPU
		{554DDA24-7A84-4933-8C77-257BB8B22384}.Release|Any CPU.ActiveCfg = Release|Any CPU
		{554DDA24-7A84-4933-8C77-257BB8B22384}.Release|Any CPU.Build.0 = Release|Any CPU
		{FB31BE26-172D-4F9B-A2FD-B2CB4EAD62E8}.Debug|Any CPU.ActiveCfg = Debug|Any CPU
		{FB31BE26-172D-4F9B-A2FD-B2CB4EAD62E8}.Debug|Any CPU.Build.0 = Debug|Any CPU
		{FB31BE26-172D-4F9B-A2FD-B2CB4EAD62E8}.Release|Any CPU.ActiveCfg = Release|Any CPU
		{FB31BE26-172D-4F9B-A2FD-B2CB4EAD62E8}.Release|Any CPU.Build.0 = Release|Any CPU
		{1C396D7A-6A1B-4982-BB69-96EEAED01CCD}.Debug|Any CPU.ActiveCfg = Debug|Any CPU
		{1C396D7A-6A1B-4982-BB69-96EEAED01CCD}.Debug|Any CPU.Build.0 = Debug|Any CPU
		{1C396D7A-6A1B-4982-BB69-96EEAED01CCD}.Release|Any CPU.ActiveCfg = Release|Any CPU
		{1C396D7A-6A1B-4982-BB69-96EEAED01CCD}.Release|Any CPU.Build.0 = Release|Any CPU
		{C1621144-11C3-4E51-9AE3-31133CC821F5}.Debug|Any CPU.ActiveCfg = Debug|Any CPU
		{C1621144-11C3-4E51-9AE3-31133CC821F5}.Debug|Any CPU.Build.0 = Debug|Any CPU
		{C1621144-11C3-4E51-9AE3-31133CC821F5}.Release|Any CPU.ActiveCfg = Release|Any CPU
		{C1621144-11C3-4E51-9AE3-31133CC821F5}.Release|Any CPU.Build.0 = Release|Any CPU
		{D90A05F2-200A-46F4-B744-25B324CA26B3}.Debug|Any CPU.ActiveCfg = Debug|Any CPU
		{D90A05F2-200A-46F4-B744-25B324CA26B3}.Debug|Any CPU.Build.0 = Debug|Any CPU
		{D90A05F2-200A-46F4-B744-25B324CA26B3}.Release|Any CPU.ActiveCfg = Release|Any CPU
		{D90A05F2-200A-46F4-B744-25B324CA26B3}.Release|Any CPU.Build.0 = Release|Any CPU
		{E6653779-F0A8-4715-930F-D2EF9437ADBD}.Debug|Any CPU.ActiveCfg = Debug|Any CPU
		{E6653779-F0A8-4715-930F-D2EF9437ADBD}.Debug|Any CPU.Build.0 = Debug|Any CPU
		{E6653779-F0A8-4715-930F-D2EF9437ADBD}.Release|Any CPU.ActiveCfg = Release|Any CPU
		{E6653779-F0A8-4715-930F-D2EF9437ADBD}.Release|Any CPU.Build.0 = Release|Any CPU
		{37FD2CC0-A5AA-402E-A15D-45CCE8DAB0B3}.Debug|Any CPU.ActiveCfg = Debug|Any CPU
		{37FD2CC0-A5AA-402E-A15D-45CCE8DAB0B3}.Debug|Any CPU.Build.0 = Debug|Any CPU
		{37FD2CC0-A5AA-402E-A15D-45CCE8DAB0B3}.Release|Any CPU.ActiveCfg = Release|Any CPU
		{37FD2CC0-A5AA-402E-A15D-45CCE8DAB0B3}.Release|Any CPU.Build.0 = Release|Any CPU
		{F19A2265-7883-4CF9-A721-708800BECC45}.Debug|Any CPU.ActiveCfg = Debug|Any CPU
		{F19A2265-7883-4CF9-A721-708800BECC45}.Debug|Any CPU.Build.0 = Debug|Any CPU
		{F19A2265-7883-4CF9-A721-708800BECC45}.Release|Any CPU.ActiveCfg = Release|Any CPU
		{F19A2265-7883-4CF9-A721-708800BECC45}.Release|Any CPU.Build.0 = Release|Any CPU
		{F1496C45-9CE3-4163-B117-E39D0625EAD3}.Debug|Any CPU.ActiveCfg = Debug|Any CPU
		{F1496C45-9CE3-4163-B117-E39D0625EAD3}.Debug|Any CPU.Build.0 = Debug|Any CPU
		{F1496C45-9CE3-4163-B117-E39D0625EAD3}.Release|Any CPU.ActiveCfg = Release|Any CPU
		{F1496C45-9CE3-4163-B117-E39D0625EAD3}.Release|Any CPU.Build.0 = Release|Any CPU
		{69CDB429-7B06-4636-9885-31D1EC23D907}.Debug|Any CPU.ActiveCfg = Debug|Any CPU
		{69CDB429-7B06-4636-9885-31D1EC23D907}.Debug|Any CPU.Build.0 = Debug|Any CPU
		{69CDB429-7B06-4636-9885-31D1EC23D907}.Release|Any CPU.ActiveCfg = Release|Any CPU
		{69CDB429-7B06-4636-9885-31D1EC23D907}.Release|Any CPU.Build.0 = Release|Any CPU
		{1528C2EB-76F3-4220-A4AA-888AED0CE033}.Debug|Any CPU.ActiveCfg = Debug|Any CPU
		{1528C2EB-76F3-4220-A4AA-888AED0CE033}.Debug|Any CPU.Build.0 = Debug|Any CPU
		{1528C2EB-76F3-4220-A4AA-888AED0CE033}.Release|Any CPU.ActiveCfg = Release|Any CPU
		{1528C2EB-76F3-4220-A4AA-888AED0CE033}.Release|Any CPU.Build.0 = Release|Any CPU
		{E2C5E7EA-6453-4DAD-86AC-2BE78D025D08}.Debug|Any CPU.ActiveCfg = Debug|Any CPU
		{E2C5E7EA-6453-4DAD-86AC-2BE78D025D08}.Debug|Any CPU.Build.0 = Debug|Any CPU
		{E2C5E7EA-6453-4DAD-86AC-2BE78D025D08}.Release|Any CPU.ActiveCfg = Release|Any CPU
		{E2C5E7EA-6453-4DAD-86AC-2BE78D025D08}.Release|Any CPU.Build.0 = Release|Any CPU
		{E047CF21-1BEC-45D6-919E-8013EE0EA97F}.Debug|Any CPU.ActiveCfg = Debug|Any CPU
		{E047CF21-1BEC-45D6-919E-8013EE0EA97F}.Debug|Any CPU.Build.0 = Debug|Any CPU
		{E047CF21-1BEC-45D6-919E-8013EE0EA97F}.Release|Any CPU.ActiveCfg = Release|Any CPU
		{E047CF21-1BEC-45D6-919E-8013EE0EA97F}.Release|Any CPU.Build.0 = Release|Any CPU
		{B325FAE3-F4FD-4852-8FF3-0F6D8F788E11}.Debug|Any CPU.ActiveCfg = Debug|Any CPU
		{B325FAE3-F4FD-4852-8FF3-0F6D8F788E11}.Debug|Any CPU.Build.0 = Debug|Any CPU
		{B325FAE3-F4FD-4852-8FF3-0F6D8F788E11}.Release|Any CPU.ActiveCfg = Release|Any CPU
		{B325FAE3-F4FD-4852-8FF3-0F6D8F788E11}.Release|Any CPU.Build.0 = Release|Any CPU
		{04FC5964-5AAE-47DB-B93B-FA1FEC9F92A8}.Debug|Any CPU.ActiveCfg = Debug|Any CPU
		{04FC5964-5AAE-47DB-B93B-FA1FEC9F92A8}.Debug|Any CPU.Build.0 = Debug|Any CPU
		{04FC5964-5AAE-47DB-B93B-FA1FEC9F92A8}.Release|Any CPU.ActiveCfg = Release|Any CPU
		{04FC5964-5AAE-47DB-B93B-FA1FEC9F92A8}.Release|Any CPU.Build.0 = Release|Any CPU
		{E4819527-2FF5-4CD0-A3FF-5BE4469114FE}.Debug|Any CPU.ActiveCfg = Debug|Any CPU
		{E4819527-2FF5-4CD0-A3FF-5BE4469114FE}.Debug|Any CPU.Build.0 = Debug|Any CPU
		{E4819527-2FF5-4CD0-A3FF-5BE4469114FE}.Release|Any CPU.ActiveCfg = Release|Any CPU
		{E4819527-2FF5-4CD0-A3FF-5BE4469114FE}.Release|Any CPU.Build.0 = Release|Any CPU
		{1E33293B-E1C8-49EC-BE01-68A5C8F2AB9E}.Debug|Any CPU.ActiveCfg = Debug|Any CPU
		{1E33293B-E1C8-49EC-BE01-68A5C8F2AB9E}.Debug|Any CPU.Build.0 = Debug|Any CPU
		{1E33293B-E1C8-49EC-BE01-68A5C8F2AB9E}.Release|Any CPU.ActiveCfg = Release|Any CPU
		{1E33293B-E1C8-49EC-BE01-68A5C8F2AB9E}.Release|Any CPU.Build.0 = Release|Any CPU
		{60E847A3-F654-45D7-A94E-E32493DCD08D}.Debug|Any CPU.ActiveCfg = Debug|Any CPU
		{60E847A3-F654-45D7-A94E-E32493DCD08D}.Debug|Any CPU.Build.0 = Debug|Any CPU
		{60E847A3-F654-45D7-A94E-E32493DCD08D}.Release|Any CPU.ActiveCfg = Release|Any CPU
		{60E847A3-F654-45D7-A94E-E32493DCD08D}.Release|Any CPU.Build.0 = Release|Any CPU
		{10C7A355-3F96-4CD2-8085-A769F228E2E3}.Debug|Any CPU.ActiveCfg = Debug|Any CPU
		{10C7A355-3F96-4CD2-8085-A769F228E2E3}.Debug|Any CPU.Build.0 = Debug|Any CPU
		{10C7A355-3F96-4CD2-8085-A769F228E2E3}.Release|Any CPU.ActiveCfg = Release|Any CPU
		{10C7A355-3F96-4CD2-8085-A769F228E2E3}.Release|Any CPU.Build.0 = Release|Any CPU
		{7923F298-9319-4E04-8BC5-FEEDCC6F77C0}.Debug|Any CPU.ActiveCfg = Debug|Any CPU
		{7923F298-9319-4E04-8BC5-FEEDCC6F77C0}.Debug|Any CPU.Build.0 = Debug|Any CPU
		{7923F298-9319-4E04-8BC5-FEEDCC6F77C0}.Release|Any CPU.ActiveCfg = Release|Any CPU
		{7923F298-9319-4E04-8BC5-FEEDCC6F77C0}.Release|Any CPU.Build.0 = Release|Any CPU
		{CED1482A-EED1-4AB9-992A-8388C4086839}.Debug|Any CPU.ActiveCfg = Debug|Any CPU
		{CED1482A-EED1-4AB9-992A-8388C4086839}.Debug|Any CPU.Build.0 = Debug|Any CPU
		{CED1482A-EED1-4AB9-992A-8388C4086839}.Release|Any CPU.ActiveCfg = Release|Any CPU
		{CED1482A-EED1-4AB9-992A-8388C4086839}.Release|Any CPU.Build.0 = Release|Any CPU
		{E9C28C7A-A788-4A73-B5F4-09CE8FED211B}.Debug|Any CPU.ActiveCfg = Debug|Any CPU
		{E9C28C7A-A788-4A73-B5F4-09CE8FED211B}.Debug|Any CPU.Build.0 = Debug|Any CPU
		{E9C28C7A-A788-4A73-B5F4-09CE8FED211B}.Release|Any CPU.ActiveCfg = Release|Any CPU
		{E9C28C7A-A788-4A73-B5F4-09CE8FED211B}.Release|Any CPU.Build.0 = Release|Any CPU
		{213597E7-1EAA-4785-8EA9-2FA556FCBE2B}.Debug|Any CPU.ActiveCfg = Debug|Any CPU
		{213597E7-1EAA-4785-8EA9-2FA556FCBE2B}.Debug|Any CPU.Build.0 = Debug|Any CPU
		{213597E7-1EAA-4785-8EA9-2FA556FCBE2B}.Release|Any CPU.ActiveCfg = Release|Any CPU
		{213597E7-1EAA-4785-8EA9-2FA556FCBE2B}.Release|Any CPU.Build.0 = Release|Any CPU
		{B6541755-04EE-45C0-A2E4-0777B3EA595D}.Debug|Any CPU.ActiveCfg = Debug|Any CPU
		{B6541755-04EE-45C0-A2E4-0777B3EA595D}.Debug|Any CPU.Build.0 = Debug|Any CPU
		{B6541755-04EE-45C0-A2E4-0777B3EA595D}.Release|Any CPU.ActiveCfg = Release|Any CPU
		{B6541755-04EE-45C0-A2E4-0777B3EA595D}.Release|Any CPU.Build.0 = Release|Any CPU
		{486805CC-F44E-4AF2-8CB9-A00A79223DC0}.Debug|Any CPU.ActiveCfg = Debug|Any CPU
		{486805CC-F44E-4AF2-8CB9-A00A79223DC0}.Debug|Any CPU.Build.0 = Debug|Any CPU
		{486805CC-F44E-4AF2-8CB9-A00A79223DC0}.Release|Any CPU.ActiveCfg = Release|Any CPU
		{486805CC-F44E-4AF2-8CB9-A00A79223DC0}.Release|Any CPU.Build.0 = Release|Any CPU
		{66CCEDCB-D3E8-4BD4-A3A3-42F649338135}.Debug|Any CPU.ActiveCfg = Debug|Any CPU
		{66CCEDCB-D3E8-4BD4-A3A3-42F649338135}.Debug|Any CPU.Build.0 = Debug|Any CPU
		{66CCEDCB-D3E8-4BD4-A3A3-42F649338135}.Release|Any CPU.ActiveCfg = Release|Any CPU
		{66CCEDCB-D3E8-4BD4-A3A3-42F649338135}.Release|Any CPU.Build.0 = Release|Any CPU
		{55941AD2-66D8-47D7-ACEA-C2267A708C98}.Debug|Any CPU.ActiveCfg = Debug|Any CPU
		{55941AD2-66D8-47D7-ACEA-C2267A708C98}.Debug|Any CPU.Build.0 = Debug|Any CPU
		{55941AD2-66D8-47D7-ACEA-C2267A708C98}.Release|Any CPU.ActiveCfg = Release|Any CPU
		{55941AD2-66D8-47D7-ACEA-C2267A708C98}.Release|Any CPU.Build.0 = Release|Any CPU
		{C9E80685-9BBE-4175-BE3E-4BEC73A0F4F3}.Debug|Any CPU.ActiveCfg = Debug|Any CPU
		{C9E80685-9BBE-4175-BE3E-4BEC73A0F4F3}.Debug|Any CPU.Build.0 = Debug|Any CPU
		{C9E80685-9BBE-4175-BE3E-4BEC73A0F4F3}.Release|Any CPU.ActiveCfg = Release|Any CPU
		{C9E80685-9BBE-4175-BE3E-4BEC73A0F4F3}.Release|Any CPU.Build.0 = Release|Any CPU
		{BC781614-C868-4FF9-8320-03DD92E7DA83}.Debug|Any CPU.ActiveCfg = Debug|Any CPU
		{BC781614-C868-4FF9-8320-03DD92E7DA83}.Debug|Any CPU.Build.0 = Debug|Any CPU
		{BC781614-C868-4FF9-8320-03DD92E7DA83}.Release|Any CPU.ActiveCfg = Release|Any CPU
		{BC781614-C868-4FF9-8320-03DD92E7DA83}.Release|Any CPU.Build.0 = Release|Any CPU
		{93947621-6388-4AB2-A887-3BF8746105DF}.Debug|Any CPU.ActiveCfg = Debug|Any CPU
		{93947621-6388-4AB2-A887-3BF8746105DF}.Debug|Any CPU.Build.0 = Debug|Any CPU
		{93947621-6388-4AB2-A887-3BF8746105DF}.Release|Any CPU.ActiveCfg = Release|Any CPU
		{93947621-6388-4AB2-A887-3BF8746105DF}.Release|Any CPU.Build.0 = Release|Any CPU
		{42F37C1D-7434-44BC-9FA6-62204267202B}.Debug|Any CPU.ActiveCfg = Debug|Any CPU
		{42F37C1D-7434-44BC-9FA6-62204267202B}.Debug|Any CPU.Build.0 = Debug|Any CPU
		{42F37C1D-7434-44BC-9FA6-62204267202B}.Release|Any CPU.ActiveCfg = Release|Any CPU
		{42F37C1D-7434-44BC-9FA6-62204267202B}.Release|Any CPU.Build.0 = Release|Any CPU
		{DE3AF0CA-6427-46DE-BBBF-07EB0DB0FF0A}.Debug|Any CPU.ActiveCfg = Debug|Any CPU
		{DE3AF0CA-6427-46DE-BBBF-07EB0DB0FF0A}.Debug|Any CPU.Build.0 = Debug|Any CPU
		{DE3AF0CA-6427-46DE-BBBF-07EB0DB0FF0A}.Release|Any CPU.ActiveCfg = Release|Any CPU
		{DE3AF0CA-6427-46DE-BBBF-07EB0DB0FF0A}.Release|Any CPU.Build.0 = Release|Any CPU
		{11037E0C-EFC1-4523-880B-E307D0D2D703}.Debug|Any CPU.ActiveCfg = Debug|Any CPU
		{11037E0C-EFC1-4523-880B-E307D0D2D703}.Debug|Any CPU.Build.0 = Debug|Any CPU
		{11037E0C-EFC1-4523-880B-E307D0D2D703}.Release|Any CPU.ActiveCfg = Release|Any CPU
		{11037E0C-EFC1-4523-880B-E307D0D2D703}.Release|Any CPU.Build.0 = Release|Any CPU
	EndGlobalSection
	GlobalSection(SolutionProperties) = preSolution
		HideSolutionNode = FALSE
	EndGlobalSection
	GlobalSection(NestedProjects) = preSolution
		{9035D5AF-FFB2-41BC-83DE-D6B868B939AF} = {B04FF8DE-1F58-4540-BD8F-91AAAF145399}
		{770E5841-1C9C-48A8-96BB-ABFA7D64A1FE} = {B04FF8DE-1F58-4540-BD8F-91AAAF145399}
		{7EC001CD-D63F-42AC-B6FC-C92C15CC3C03} = {B04FF8DE-1F58-4540-BD8F-91AAAF145399}
		{01C892E6-6B3A-4592-B8A9-41F910857CB1} = {B04FF8DE-1F58-4540-BD8F-91AAAF145399}
		{8E61318F-0C64-4955-BA3D-96AC116C601D} = {B04FF8DE-1F58-4540-BD8F-91AAAF145399}
		{C71405D6-90B5-4F01-ACED-A12848FFF0DA} = {B04FF8DE-1F58-4540-BD8F-91AAAF145399}
		{8FCD2554-7441-48B0-92B1-0CCAAEA3B4A2} = {B04FF8DE-1F58-4540-BD8F-91AAAF145399}
		{7B68ACFB-0A03-4FD7-8929-64DF593DD3B2} = {B04FF8DE-1F58-4540-BD8F-91AAAF145399}
		{C7823F84-446D-422C-81C8-760807BE0026} = {770E5841-1C9C-48A8-96BB-ABFA7D64A1FE}
		{314606FB-4068-4B5E-B1AF-858202E9B93E} = {01C892E6-6B3A-4592-B8A9-41F910857CB1}
		{B985B241-29AB-4351-BCC4-B74CC2D3F6F8} = {9035D5AF-FFB2-41BC-83DE-D6B868B939AF}
		{554DDA24-7A84-4933-8C77-257BB8B22384} = {9035D5AF-FFB2-41BC-83DE-D6B868B939AF}
		{FB31BE26-172D-4F9B-A2FD-B2CB4EAD62E8} = {9035D5AF-FFB2-41BC-83DE-D6B868B939AF}
		{1C396D7A-6A1B-4982-BB69-96EEAED01CCD} = {9035D5AF-FFB2-41BC-83DE-D6B868B939AF}
		{595BAF2D-3108-4A12-910B-8221E5D13603} = {B04FF8DE-1F58-4540-BD8F-91AAAF145399}
		{C1621144-11C3-4E51-9AE3-31133CC821F5} = {9035D5AF-FFB2-41BC-83DE-D6B868B939AF}
		{D90A05F2-200A-46F4-B744-25B324CA26B3} = {9035D5AF-FFB2-41BC-83DE-D6B868B939AF}
		{E6653779-F0A8-4715-930F-D2EF9437ADBD} = {9035D5AF-FFB2-41BC-83DE-D6B868B939AF}
		{37FD2CC0-A5AA-402E-A15D-45CCE8DAB0B3} = {9035D5AF-FFB2-41BC-83DE-D6B868B939AF}
		{F19A2265-7883-4CF9-A721-708800BECC45} = {7EC001CD-D63F-42AC-B6FC-C92C15CC3C03}
		{F1496C45-9CE3-4163-B117-E39D0625EAD3} = {8FCD2554-7441-48B0-92B1-0CCAAEA3B4A2}
		{69CDB429-7B06-4636-9885-31D1EC23D907} = {8FCD2554-7441-48B0-92B1-0CCAAEA3B4A2}
		{1528C2EB-76F3-4220-A4AA-888AED0CE033} = {C71405D6-90B5-4F01-ACED-A12848FFF0DA}
		{E2C5E7EA-6453-4DAD-86AC-2BE78D025D08} = {8E61318F-0C64-4955-BA3D-96AC116C601D}
		{E047CF21-1BEC-45D6-919E-8013EE0EA97F} = {8E61318F-0C64-4955-BA3D-96AC116C601D}
		{B325FAE3-F4FD-4852-8FF3-0F6D8F788E11} = {8E61318F-0C64-4955-BA3D-96AC116C601D}
		{04FC5964-5AAE-47DB-B93B-FA1FEC9F92A8} = {7B68ACFB-0A03-4FD7-8929-64DF593DD3B2}
		{7D48446C-CB7A-43FA-9C69-DF24DCD31339} = {829F4622-DE37-44D5-81B6-7BF209C84A0F}
		{7374EC50-CDDB-4E43-B66D-B7896357D8A0} = {829F4622-DE37-44D5-81B6-7BF209C84A0F}
		{1F35F0E9-2EEB-4B0A-AC2D-6C0F27A7AD80} = {829F4622-DE37-44D5-81B6-7BF209C84A0F}
		{4642823E-887B-448D-B1C9-8D53743A516A} = {829F4622-DE37-44D5-81B6-7BF209C84A0F}
		{BDBA7D0C-3D80-44B2-85D0-53458A118A3A} = {829F4622-DE37-44D5-81B6-7BF209C84A0F}
		{9D058DD3-177B-494B-BAEF-B1428507FC7A} = {829F4622-DE37-44D5-81B6-7BF209C84A0F}
		{D8FD2A8F-8CBC-4C0E-8ADB-9DBE37567AE3} = {829F4622-DE37-44D5-81B6-7BF209C84A0F}
		{DEC0B18E-D83B-4230-A376-B60FE9084B11} = {829F4622-DE37-44D5-81B6-7BF209C84A0F}
		{E4819527-2FF5-4CD0-A3FF-5BE4469114FE} = {7D48446C-CB7A-43FA-9C69-DF24DCD31339}
		{505C7419-572B-4732-9DDB-44D89A428626} = {829F4622-DE37-44D5-81B6-7BF209C84A0F}
		{1E33293B-E1C8-49EC-BE01-68A5C8F2AB9E} = {7D48446C-CB7A-43FA-9C69-DF24DCD31339}
		{60E847A3-F654-45D7-A94E-E32493DCD08D} = {7D48446C-CB7A-43FA-9C69-DF24DCD31339}
		{10C7A355-3F96-4CD2-8085-A769F228E2E3} = {7D48446C-CB7A-43FA-9C69-DF24DCD31339}
		{7923F298-9319-4E04-8BC5-FEEDCC6F77C0} = {7D48446C-CB7A-43FA-9C69-DF24DCD31339}
		{CED1482A-EED1-4AB9-992A-8388C4086839} = {7D48446C-CB7A-43FA-9C69-DF24DCD31339}
		{E9C28C7A-A788-4A73-B5F4-09CE8FED211B} = {7D48446C-CB7A-43FA-9C69-DF24DCD31339}
		{213597E7-1EAA-4785-8EA9-2FA556FCBE2B} = {7D48446C-CB7A-43FA-9C69-DF24DCD31339}
		{B6541755-04EE-45C0-A2E4-0777B3EA595D} = {7374EC50-CDDB-4E43-B66D-B7896357D8A0}
		{486805CC-F44E-4AF2-8CB9-A00A79223DC0} = {1F35F0E9-2EEB-4B0A-AC2D-6C0F27A7AD80}
		{66CCEDCB-D3E8-4BD4-A3A3-42F649338135} = {4642823E-887B-448D-B1C9-8D53743A516A}
		{55941AD2-66D8-47D7-ACEA-C2267A708C98} = {BDBA7D0C-3D80-44B2-85D0-53458A118A3A}
		{C9E80685-9BBE-4175-BE3E-4BEC73A0F4F3} = {BDBA7D0C-3D80-44B2-85D0-53458A118A3A}
		{BC781614-C868-4FF9-8320-03DD92E7DA83} = {BDBA7D0C-3D80-44B2-85D0-53458A118A3A}
		{93947621-6388-4AB2-A887-3BF8746105DF} = {9D058DD3-177B-494B-BAEF-B1428507FC7A}
		{42F37C1D-7434-44BC-9FA6-62204267202B} = {D8FD2A8F-8CBC-4C0E-8ADB-9DBE37567AE3}
		{DE3AF0CA-6427-46DE-BBBF-07EB0DB0FF0A} = {D8FD2A8F-8CBC-4C0E-8ADB-9DBE37567AE3}
		{11037E0C-EFC1-4523-880B-E307D0D2D703} = {DEC0B18E-D83B-4230-A376-B60FE9084B11}
	EndGlobalSection
	GlobalSection(ExtensibilityGlobals) = postSolution
		SolutionGuid = {11E49098-24B2-4E00-8BBC-8C0669452D17}
	EndGlobalSection
EndGlobal
